# THIS IS AN AUTOGENERATED FILE. DO NOT EDIT THIS FILE DIRECTLY.
# yarn lockfile v1


add-dom-event-listener@^1.0.1:
  version "1.0.2"
  resolved "http://registry.npm.taobao.org/add-dom-event-listener/download/add-dom-event-listener-1.0.2.tgz#8faed2c41008721cf111da1d30d995b85be42bed"
  dependencies:
    object-assign "4.x"

asap@~2.0.3:
  version "2.0.5"
  resolved "http://registry.npm.taobao.org/asap/download/asap-2.0.5.tgz#522765b50c3510490e52d7dcfe085ef9ba96958f"

assertion-error@^1.0.1:
  version "1.0.2"
  resolved "http://registry.npm.taobao.org/assertion-error/download/assertion-error-1.0.2.tgz#13ca515d86206da0bac66e834dd397d87581094c"

babel-runtime@6.x, babel-runtime@^6.20.0, babel-runtime@^6.22.0:
  version "6.23.0"
  resolved "http://registry.npm.taobao.org/babel-runtime/download/babel-runtime-6.23.0.tgz#0a9489f144de70efb3ce4300accdb329e2fc543b"
  dependencies:
    core-js "^2.4.0"
    regenerator-runtime "^0.10.0"

bee-alert@latest:
  version "0.1.5"
  resolved "http://registry.npm.taobao.org/bee-alert/download/bee-alert-0.1.5.tgz#3e5fdfb219c49506e341b4f933fdccf18ae656ce"
  dependencies:
    bee-button "^0.2.2"
    bee-icon "0.0.5"
    bee-layout "^0.2.2"
    classnames "^2.2.5"
    tinper-bee-core latest

bee-animate@latest:
  version "0.0.3"
  resolved "http://registry.npm.taobao.org/bee-animate/download/bee-animate-0.0.3.tgz#92ac3b3fd7583980e2c99fc0f152e82a738de189"
  dependencies:
    classnames "^2.2.5"
    tinper-bee-core latest

bee-badge@latest:
  version "0.1.11"
  resolved "http://registry.npm.taobao.org/bee-badge/download/bee-badge-0.1.11.tgz#61c5899842bd18564eeed321c96cbc9492e8f7c7"
  dependencies:
    bee-button "^0.2.2"
    bee-icon "0.0.5"
    classnames "^2.2.5"
    tinper-bee-core latest

bee-breadcrumb@^0.1.2:
  version "0.1.2"
  resolved "http://registry.npm.taobao.org/bee-breadcrumb/download/bee-breadcrumb-0.1.2.tgz#4a5833282f1dac493fbecf2929418b72a785902f"
  dependencies:
    bee-button "^0.2.2"
    classnames "^2.2.5"
    tinper-bee-core "^0.1.0"

bee-button-group@latest:
  version "0.2.3"
  resolved "http://registry.npm.taobao.org/bee-button-group/download/bee-button-group-0.2.3.tgz#3c3b52484c1fa1d477a113b8f0eadc647b29d335"
  dependencies:
    classnames "^2.2.5"
    tinper-bee-core latest

bee-button@^0.1.0, bee-button@^0.1.12:
  version "0.1.12"
  resolved "http://registry.npm.taobao.org/bee-button/download/bee-button-0.1.12.tgz#88449b5d826c49cd5b5d00faa53c29284610c9a1"
  dependencies:
    classnames "^2.2.5"
    tinper-bee-core "0.0.14"

bee-button@^0.2.2, bee-button@^0.2.5, bee-button@latest:
  version "0.2.5"
  resolved "http://registry.npm.taobao.org/bee-button/download/bee-button-0.2.5.tgz#b29a7877b844f8cea514a19d336ace9aa2c9ec40"
  dependencies:
    classnames "^2.2.5"
    tinper-bee-core latest

bee-cascader@latest:
  version "0.2.1"
  resolved "http://registry.npm.taobao.org/bee-cascader/download/bee-cascader-0.2.1.tgz#a7ec9af916f21570cb019fdd3f94e492ff5ba7f8"
  dependencies:
    bee-button "^0.2.5"
    classnames "^2.2.5"
    tinper-bee-core "^0.1.6"

bee-checkbox@^0.1.6, bee-checkbox@latest:
  version "0.1.7"
  resolved "http://registry.npm.taobao.org/bee-checkbox/download/bee-checkbox-0.1.7.tgz#6557e4bad6ad92b07eecc5af574c499cb12cedfa"
  dependencies:
    bee-button "^0.2.5"
    classnames "^2.2.5"
    tinper-bee-core "^0.1.6"

bee-control-label@^0.1.6, bee-control-label@latest:
  version "0.1.6"
  resolved "http://registry.npm.taobao.org/bee-control-label/download/bee-control-label-0.1.6.tgz#b505ff6cf07ce4affc85ee1b0516fa5aa31e2cf3"
  dependencies:
    classnames "^2.2.5"
    tinper-bee-core latest

bee-dropdown@^0.2.1, bee-dropdown@latest:
  version "0.2.1"
  resolved "http://registry.npm.taobao.org/bee-dropdown/download/bee-dropdown-0.2.1.tgz#cc9d214d29fb46b593a5b48c057ebe2ac26c2be2"
  dependencies:
    bee-overlay latest
    classnames "^2.2.5"
    tinper-bee-core "^0.1.0"

bee-form-control@^0.1.5, bee-form-control@^0.1.7, bee-form-control@latest:
  version "0.1.7"
  resolved "http://registry.npm.taobao.org/bee-form-control/download/bee-form-control-0.1.7.tgz#2e85e011edd8039ed8816031c0c8cd73e28722fb"
  dependencies:
    bee-button "^0.2.2"
    bee-layout "^0.2.2"
    bee-panel "^0.2.1"
    classnames "^2.2.5"
    console-polyfill "^0.2.3"
    es5-shim "^4.5.9"
    tinper-bee-core latest
    warning "^3.0.0"

bee-form-group@latest:
  version "1.0.10"
  resolved "http://registry.npm.taobao.org/bee-form-group/download/bee-form-group-1.0.10.tgz#d22e5c5dd95983281aa5baacf06808f3f1d56af4"
  dependencies:
    bee-form-control latest
    bee-input-group latest
    classnames "^2.2.5"
    tinper-bee-core latest
    warning "^3.0.0"

bee-form@^0.1.1, bee-form@latest:
  version "0.1.1"
  resolved "http://registry.npm.taobao.org/bee-form/download/bee-form-0.1.1.tgz#50f3c58f927b742a6c039aaf41f4f6e44501ba4a"
  dependencies:
    bee-button latest
    bee-checkbox latest
    bee-form-control latest
    bee-form-group latest
    bee-icon latest
    bee-input-group latest
    bee-label latest
    bee-radio "^0.1.4"
    bee-select latest
    classnames "^2.2.5"
    tinper-bee-core latest

bee-grid@latest:
  version "0.0.2"
  resolved "http://registry.npm.taobao.org/bee-grid/download/bee-grid-0.0.2.tgz#44bcffb0e997bc8e406945b81735660e414126cf"
  dependencies:
    classnames "^2.2.5"
    tinper-bee-core latest

bee-icon@0.0.5:
  version "0.0.5"
  resolved "http://registry.npm.taobao.org/bee-icon/download/bee-icon-0.0.5.tgz#11b32e46c21cc86edd93d8f194de1c1c391bb608"
  dependencies:
    bee-button "^0.1.12"
    classnames "^2.2.5"
    tinper-bee-core latest

bee-icon@latest:
  version "0.1.1"
  resolved "http://registry.npm.taobao.org/bee-icon/download/bee-icon-0.1.1.tgz#b0eef216c357cfce4468e865e1d1c47a0ecf7add"
  dependencies:
    bee-button "^0.1.12"
    classnames "^2.2.5"
    tinper-bee-core latest

bee-input-group-addon@latest:
  version "0.1.3"
  resolved "http://registry.npm.taobao.org/bee-input-group-addon/download/bee-input-group-addon-0.1.3.tgz#d120a0e7de9cb358e2f207387981193340c688f2"
  dependencies:
    classnames "^2.2.5"
    tinper-bee-core latest

bee-input-group-button@latest:
  version "0.1.3"
  resolved "http://registry.npm.taobao.org/bee-input-group-button/download/bee-input-group-button-0.1.3.tgz#b22f9397d00983661172bebf7cf1603e1899d611"
  dependencies:
    bee-button "^0.1.0"
    classnames "^2.2.5"
    tinper-bee-core latest

bee-input-group@^0.1.12, bee-input-group@latest:
  version "0.1.12"
  resolved "http://registry.npm.taobao.org/bee-input-group/download/bee-input-group-0.1.12.tgz#9d1aeab252ba76f36b7a0e595e5b238ed6e8d50a"
  dependencies:
    bee-button latest
    bee-dropdown "^0.2.1"
    bee-form-control latest
    bee-form-group latest
    bee-input-group-addon latest
    bee-input-group-button latest
    bee-menu "^0.1.5"
    classnames "^2.2.5"
    tinper-bee-core "^0.1.8"

bee-input-number@0.0.6:
  version "0.0.6"
  resolved "http://registry.npm.taobao.org/bee-input-number/download/bee-input-number-0.0.6.tgz#232b1ddc7abf8b4cabb9abbf6a28692d88d980b6"
  dependencies:
    babel-runtime "^6.22.0"
    bee-form-control "^0.1.7"
    bee-input-group "^0.1.12"
    classnames "^2.2.5"
    tinper-bee-core latest

bee-label@latest:
  version "0.2.0"
  resolved "http://registry.npm.taobao.org/bee-label/download/bee-label-0.2.0.tgz#9321bfb6705ff78e7cf3c483742e17b415c1c8ff"
  dependencies:
    classnames "^2.2.5"
    tinper-bee-core latest

bee-layout@^0.2.2, bee-layout@latest:
  version "0.2.2"
  resolved "http://registry.npm.taobao.org/bee-layout/download/bee-layout-0.2.2.tgz#7b8bf17598715a7a633115d6b664e69e990ad280"
  dependencies:
    classnames "^2.2.5"
    tinper-bee-core "0.0.22"

bee-loading-state@latest:
  version "0.1.9"
  resolved "http://registry.npm.taobao.org/bee-loading-state/download/bee-loading-state-0.1.9.tgz#d040005495a005bb296ebdfb222064be2e8ba1a6"
  dependencies:
    bee-button "^0.2.2"
    bee-icon "0.0.5"
    bee-loading "0.0.3"
    bee-modal "0.0.9"
    classnames "^2.2.5"
    tinper-bee-core latest

bee-loading@0.0.3:
  version "0.0.3"
  resolved "http://registry.npm.taobao.org/bee-loading/download/bee-loading-0.0.3.tgz#f0a35666c7847fb77891f9058256b541043e4599"
  dependencies:
    classnames "^2.2.5"
    tinper-bee-core latest

bee-loading@^0.2.2:
  version "0.2.2"
  resolved "http://registry.npm.taobao.org/bee-loading/download/bee-loading-0.2.2.tgz#b71e8006fb834a61c355812c2349207698d6a1dd"
  dependencies:
    babel-runtime "^6.20.0"
    classnames "^2.2.5"
    tinper-bee-core "^0.2.1"

bee-menu@^0.1.3, bee-menu@^0.1.5, bee-menu@latest:
  version "0.1.5"
  resolved "http://registry.npm.taobao.org/bee-menu/download/bee-menu-0.1.5.tgz#844fe6648bc0189c781d6282f7a6201b2064fa4e"
  dependencies:
    babel-runtime "6.x"
    bee-animate latest
    classnames "^2.2.5"
    dom-scroll-into-view "1.x"
    tinper-bee-core latest

bee-message@latest:
  version "0.2.2"
  resolved "http://registry.npm.taobao.org/bee-message/download/bee-message-0.2.2.tgz#3c1576be29823fc467e33bfd80b93b5ca415da77"
  dependencies:
    bee-icon latest
    bee-notification latest
    classnames "^2.2.5"
    tinper-bee-core latest

bee-modal@0.0.9:
  version "0.0.9"
  resolved "http://registry.npm.taobao.org/bee-modal/download/bee-modal-0.0.9.tgz#4f8e8081ccbd12ddb6d00d04351ddffb1f7fd829"
  dependencies:
    bee-button "^0.1.12"
    bee-overlay "0.0.19"
    bee-transition "^0.0.1"
    classnames "^2.2.5"
    dom-helpers "^3.1.0"
    tinper-bee-core "0.0.17"

bee-modal@^0.2.4:
  version "0.2.4"
  resolved "http://registry.npm.taobao.org/bee-modal/download/bee-modal-0.2.4.tgz#2a54757be7b546ab1131b109f0cb3343b57bcf36"
  dependencies:
    bee-button latest
    bee-overlay latest
    bee-transition "^0.2.2"
    classnames "^2.2.5"
    dom-helpers "3.0.0"
    tinper-bee-core "^0.2.1"

bee-navbar@latest:
  version "0.2.4"
  resolved "http://registry.npm.taobao.org/bee-navbar/download/bee-navbar-0.2.4.tgz#543f1fa27404ef556c23f9c0a89f0bcba7466570"
  dependencies:
    bee-badge latest
    bee-button latest
    bee-dropdown latest
    bee-form latest
    bee-form-control latest
    bee-form-group latest
    bee-grid latest
    bee-icon latest
    bee-menu latest
    bee-transition latest
    classnames "^2.2.5"
    console-polyfill "^0.2.2"
    dom-scroll-into-view "^1.2.1"
    tinper-bee-core "^0.1.6"

bee-notification@latest:
  version "0.2.22"
  resolved "http://registry.npm.taobao.org/bee-notification/download/bee-notification-0.2.22.tgz#881be8ec93e828909bab22a792e226afc83bbf0f"
  dependencies:
    bee-animate latest
    bee-button latest
    classnames "^2.2.5"
    tinper-bee-core latest

bee-overlay@0.0.19:
  version "0.0.19"
  resolved "http://registry.npm.taobao.org/bee-overlay/download/bee-overlay-0.0.19.tgz#81bcb9c45ce2ea58614ed7ec0ccf8b2a146ba841"
  dependencies:
    classnames "^2.2.5"
    dom-helpers "^3.0.0"
    tinper-bee-core "0.0.8"
    warning "^3.0.0"

bee-overlay@latest:
  version "0.2.0"
  resolved "http://registry.npm.taobao.org/bee-overlay/download/bee-overlay-0.2.0.tgz#d7542f025c66bc2c0418209fbc731483a6ab0684"
  dependencies:
    bee-animate latest
    bee-transition "^0.2.2"
    classnames "^2.2.5"
    dom-helpers "^3.0.0"
    tinper-bee-core latest
    warning "^3.0.0"

bee-pagination@latest:
  version "0.1.4"
  resolved "http://registry.npm.taobao.org/bee-pagination/download/bee-pagination-0.1.4.tgz#25fc4e7e24486a6c593c12b5e6aa3b15d8d912f3"
  dependencies:
    bee-button "^0.2.2"
    classnames "^2.2.5"
    tinper-bee-core "^0.1.0"

bee-panel@^0.2.1, bee-panel@^0.2.4, bee-panel@latest:
  version "0.2.4"
  resolved "http://registry.npm.taobao.org/bee-panel/download/bee-panel-0.2.4.tgz#2250cb40f6c474f1f47f723b2a1a1cbca8ba0fa9"
  dependencies:
    bee-transition latest
    classnames latest
    tinper-bee-core latest

bee-popconfirm@^0.2.5:
  version "0.2.5"
  resolved "http://registry.npm.taobao.org/bee-popconfirm/download/bee-popconfirm-0.2.5.tgz#620b11901bb6884e3bcadd2c72f0d9a50847ae87"
  dependencies:
    babel-runtime "^6.20.0"
    bee-overlay "0.0.19"
    classnames "^2.2.5"
    tinper-bee-core "^0.2.1"

bee-popover@0.0.4:
  version "0.0.4"
  resolved "http://registry.npm.taobao.org/bee-popover/download/bee-popover-0.0.4.tgz#7ae831279012e425fd4889155876a0d6a8953c97"
  dependencies:
    classnames "^2.2.5"
    tinper-bee-core latest

bee-progress-bar@^0.1.7, bee-progress-bar@latest:
  version "0.1.7"
  resolved "http://registry.npm.taobao.org/bee-progress-bar/download/bee-progress-bar-0.1.7.tgz#a49045c7e87ecbf53d9b2bfc8d8e621ceee86d50"
  dependencies:
    bee-button "^0.2.2"
    classnames "^2.2.5"
    tinper-bee-core latest

bee-radio@^0.1.4, bee-radio@latest:
  version "0.1.8"
  resolved "http://registry.npm.taobao.org/bee-radio/download/bee-radio-0.1.8.tgz#9fe6570bbb1e531acd76b3d1e13b211ee7008b72"
  dependencies:
    classnames "^2.2.5"
    object-assign "^4.1.0"
    tinper-bee-core latest

bee-select@latest:
  version "0.1.2"
  resolved "http://registry.npm.taobao.org/bee-select/download/bee-select-0.1.2.tgz#5975dd8cb2835bf63d16a46daec1faa62148137b"
  dependencies:
    bee-menu "^0.1.3"
    bee-overlay latest
    classnames "^2.2.5"
    component-classes "1.x"
    dom-scroll-into-view "1.x"
    tinper-bee-core latest
    warning "^3.0.0"

bee-switch@^0.1.4:
  version "0.1.4"
  resolved "http://registry.npm.taobao.org/bee-switch/download/bee-switch-0.1.4.tgz#cc3507e3b793bbb33d11b9a4b7badd36dc6bc774"
  dependencies:
    classnames "^2.2.5"
    tinper-bee-core "^0.1.3"

bee-table@^0.2.0:
  version "0.2.0"
  resolved "http://registry.npm.taobao.org/bee-table/download/bee-table-0.2.0.tgz#cfe401ccc1ebb546dd95ef64e82d4e2bd3ad61fa"
  dependencies:
    classnames "^2.2.5"
    object-path "^0.11.3"
    shallowequal "^0.2.2"
    tinper-bee-core latest
    warning "^3.0.0"

bee-tabs@^0.2.2:
  version "0.2.4"
  resolved "http://registry.npm.taobao.org/bee-tabs/download/bee-tabs-0.2.4.tgz#81a45afdb770cf5e916e6bab268e7a28a67dd0c0"
  dependencies:
    classnames "^2.2.5"
    tinper-bee-core "^0.1.7"

bee-tile@latest:
  version "0.1.2"
  resolved "http://registry.npm.taobao.org/bee-tile/download/bee-tile-0.1.2.tgz#1f86726fb8488656ce9f9f3d2155e1bf14044492"
  dependencies:
    classnames "^2.2.5"
    tinper-bee-core latest

bee-tooltip@latest:
  version "0.2.3"
  resolved "http://registry.npm.taobao.org/bee-tooltip/download/bee-tooltip-0.2.3.tgz#f33866fead75d0481600acb9ba7dbd012af6ae86"
  dependencies:
    bee-button latest
    bee-overlay latest
    classnames "^2.2.5"
    dom-helpers latest
    tinper-bee-core latest

bee-transition@^0.0.1:
  version "0.0.1"
  resolved "http://registry.npm.taobao.org/bee-transition/download/bee-transition-0.0.1.tgz#fadb15e5b46957f79f43e7682d07e6cea6036799"
  dependencies:
    classnames "^2.2.5"
    dom-helpers "^3.0.0"
    tinper-bee-core latest

bee-transition@^0.2.2, bee-transition@latest:
  version "0.2.2"
  resolved "http://registry.npm.taobao.org/bee-transition/download/bee-transition-0.2.2.tgz#c42349774526b7a119f32a32b566cc439d6d51b0"
  dependencies:
    classnames "^2.2.5"
    dom-helpers "3.0.0"
    tinper-bee-core latest

bee-tree@^0.1.0, bee-tree@^0.1.1:
  version "0.1.1"
  resolved "http://registry.npm.taobao.org/bee-tree/download/bee-tree-0.1.1.tgz#c813280d55fef3d0f03af5f21aba2e973ac6efbf"
  dependencies:
    bee-animate latest
    bee-checkbox latest
    bee-form-control "^0.1.5"
    classnames "^2.2.5"
    object-assign latest
    tinper-bee-core latest

bee-upload@^0.1.4:
  version "0.1.4"
  resolved "http://registry.npm.taobao.org/bee-upload/download/bee-upload-0.1.4.tgz#9cc146e322ca5c8a6888d679503e0805ea553ee4"
  dependencies:
    bee-animate latest
    bee-button latest
    bee-icon latest
    bee-progress-bar latest
    classnames "^2.2.5"
    tinper-bee-core latest
    warning "2.x"

boolbase@~1.0.0:
  version "1.0.0"
  resolved "http://registry.npm.taobao.org/boolbase/download/boolbase-1.0.0.tgz#68dff5fbe60c51eb37725ea9e3ed310dcc1e776e"

buffer-shims@^1.0.0:
  version "1.0.0"
  resolved "http://registry.npm.taobao.org/buffer-shims/download/buffer-shims-1.0.0.tgz#9978ce317388c649ad8793028c3477ef044a8b51"

chai@^3.5.0:
  version "3.5.0"
  resolved "http://registry.npm.taobao.org/chai/download/chai-3.5.0.tgz#4d02637b067fe958bdbfdd3a40ec56fef7373247"
  dependencies:
    assertion-error "^1.0.1"
    deep-eql "^0.1.3"
    type-detect "^1.0.0"

cheerio@^0.22.0:
  version "0.22.0"
  resolved "http://registry.npm.taobao.org/cheerio/download/cheerio-0.22.0.tgz#a9baa860a3f9b595a6b81b1a86873121ed3a269e"
  dependencies:
    css-select "~1.2.0"
    dom-serializer "~0.1.0"
    entities "~1.1.1"
    htmlparser2 "^3.9.1"
    lodash.assignin "^4.0.9"
    lodash.bind "^4.1.4"
    lodash.defaults "^4.0.1"
    lodash.filter "^4.4.0"
    lodash.flatten "^4.2.0"
    lodash.foreach "^4.3.0"
    lodash.map "^4.4.0"
    lodash.merge "^4.4.0"
    lodash.pick "^4.2.1"
    lodash.reduce "^4.4.0"
    lodash.reject "^4.4.0"
    lodash.some "^4.4.0"

classnames@2.x, classnames@^2.2.5, classnames@latest:
  version "2.2.5"
  resolved "http://registry.npm.taobao.org/classnames/download/classnames-2.2.5.tgz#fb3801d453467649ef3603c7d61a02bd129bde6d"

component-classes@1.x, component-classes@^1.2.6:
  version "1.2.6"
  resolved "http://registry.npm.taobao.org/component-classes/download/component-classes-1.2.6.tgz#c642394c3618a4d8b0b8919efccbbd930e5cd691"
  dependencies:
    component-indexof "0.0.3"

component-indexof@0.0.3:
  version "0.0.3"
  resolved "http://registry.npm.taobao.org/component-indexof/download/component-indexof-0.0.3.tgz#11d091312239eb8f32c8f25ae9cb002ffe8d3c24"

console-polyfill@^0.2.2, console-polyfill@^0.2.3, console-polyfill@~0.2.1:
  version "0.2.3"
  resolved "http://registry.npm.taobao.org/console-polyfill/download/console-polyfill-0.2.3.tgz#d455d3d574dbcdccf80e1631df21a486fe05f989"

core-js@^1.0.0:
  version "1.2.7"
  resolved "http://registry.npm.taobao.org/core-js/download/core-js-1.2.7.tgz#652294c14651db28fa93bd2d5ff2983a4f08c636"

core-js@^2.4.0:
  version "2.4.1"
  resolved "http://registry.npm.taobao.org/core-js/download/core-js-2.4.1.tgz#4de911e667b0eae9124e34254b53aea6fc618d3e"

core-util-is@~1.0.0:
  version "1.0.2"
  resolved "http://registry.npm.taobao.org/core-util-is/download/core-util-is-1.0.2.tgz#b5fd54220aa2bc5ab57aab7140c940754503c1a7"

css-select@~1.2.0:
  version "1.2.0"
  resolved "http://registry.npm.taobao.org/css-select/download/css-select-1.2.0.tgz#2b3a110539c5355f1cd8d314623e870b121ec858"
  dependencies:
    boolbase "~1.0.0"
    css-what "2.1"
    domutils "1.5.1"
    nth-check "~1.0.1"

css-what@2.1:
  version "2.1.0"
  resolved "http://registry.npm.taobao.org/css-what/download/css-what-2.1.0.tgz#9467d032c38cfaefb9f2d79501253062f87fa1bd"

deep-eql@^0.1.3:
  version "0.1.3"
  resolved "http://registry.npm.taobao.org/deep-eql/download/deep-eql-0.1.3.tgz#ef558acab8de25206cd713906d74e56930eb69f2"
  dependencies:
    type-detect "0.1.1"

define-properties@^1.1.2:
  version "1.1.2"
  resolved "http://registry.npm.taobao.org/define-properties/download/define-properties-1.1.2.tgz#83a73f2fea569898fb737193c8f873caf6d45c94"
  dependencies:
    foreach "^2.0.5"
    object-keys "^1.0.8"

dom-align@^1.5.2:
  version "1.5.3"
  resolved "http://registry.npm.taobao.org/dom-align/download/dom-align-1.5.3.tgz#b906b616822a5e599f579ec8505e367c51da7588"

dom-helpers@3.0.0, dom-helpers@^3.0.0:
  version "3.0.0"
  resolved "http://registry.npm.taobao.org/dom-helpers/download/dom-helpers-3.0.0.tgz#124869cea3f09dbff84256fede7f36616ccfee23"

dom-helpers@^3.1.0, dom-helpers@latest:
  version "3.2.1"
  resolved "http://registry.npm.taobao.org/dom-helpers/download/dom-helpers-3.2.1.tgz#3203e07fed217bd1f424b019735582fc37b2825a"

dom-scroll-into-view@1.x, dom-scroll-into-view@^1.2.1:
  version "1.2.1"
  resolved "http://registry.npm.taobao.org/dom-scroll-into-view/download/dom-scroll-into-view-1.2.1.tgz#e8f36732dd089b0201a88d7815dc3f88e6d66c7e"

dom-serializer@0, dom-serializer@~0.1.0:
  version "0.1.0"
  resolved "http://registry.npm.taobao.org/dom-serializer/download/dom-serializer-0.1.0.tgz#073c697546ce0780ce23be4a28e293e40bc30c82"
  dependencies:
    domelementtype "~1.1.1"
    entities "~1.1.1"

domelementtype@1, domelementtype@^1.3.0:
  version "1.3.0"
  resolved "http://registry.npm.taobao.org/domelementtype/download/domelementtype-1.3.0.tgz#b17aed82e8ab59e52dd9c19b1756e0fc187204c2"

domelementtype@~1.1.1:
  version "1.1.3"
  resolved "http://registry.npm.taobao.org/domelementtype/download/domelementtype-1.1.3.tgz#bd28773e2642881aec51544924299c5cd822185b"

domhandler@^2.3.0:
  version "2.3.0"
  resolved "http://registry.npm.taobao.org/domhandler/download/domhandler-2.3.0.tgz#2de59a0822d5027fabff6f032c2b25a2a8abe738"
  dependencies:
    domelementtype "1"

domutils@1.5.1, domutils@^1.5.1:
  version "1.5.1"
  resolved "http://registry.npm.taobao.org/domutils/download/domutils-1.5.1.tgz#dcd8488a26f563d61079e48c9f7b7e32373682cf"
  dependencies:
    dom-serializer "0"
    domelementtype "1"

encoding@^0.1.11:
  version "0.1.12"
  resolved "http://registry.npm.taobao.org/encoding/download/encoding-0.1.12.tgz#538b66f3ee62cd1ab51ec323829d1f9480c74beb"
  dependencies:
    iconv-lite "~0.4.13"

entities@^1.1.1, entities@~1.1.1:
  version "1.1.1"
  resolved "http://registry.npm.taobao.org/entities/download/entities-1.1.1.tgz#6e5c2d0a5621b5dadaecef80b90edfb5cd7772f0"

enzyme@^2.4.1:
  version "2.7.1"
  resolved "http://registry.npm.taobao.org/enzyme/download/enzyme-2.7.1.tgz#76370e1d99e91f73091bb8c4314b7c128cc2d621"
  dependencies:
    cheerio "^0.22.0"
    function.prototype.name "^1.0.0"
    is-subset "^0.1.1"
    lodash "^4.17.2"
    object-is "^1.0.1"
    object.assign "^4.0.4"
    object.entries "^1.0.3"
    object.values "^1.0.3"
    uuid "^2.0.3"

es-abstract@^1.6.1:
  version "1.7.0"
  resolved "http://registry.npm.taobao.org/es-abstract/download/es-abstract-1.7.0.tgz#dfade774e01bfcd97f96180298c449c8623fb94c"
  dependencies:
    es-to-primitive "^1.1.1"
    function-bind "^1.1.0"
    is-callable "^1.1.3"
    is-regex "^1.0.3"

es-to-primitive@^1.1.1:
  version "1.1.1"
  resolved "http://registry.npm.taobao.org/es-to-primitive/download/es-to-primitive-1.1.1.tgz#45355248a88979034b6792e19bb81f2b7975dd0d"
  dependencies:
    is-callable "^1.1.1"
    is-date-object "^1.0.1"
    is-symbol "^1.0.1"

es5-shim@^4.5.9:
  version "4.5.9"
  resolved "http://registry.npm.taobao.org/es5-shim/download/es5-shim-4.5.9.tgz#2a1e2b9e583ff5fed0c20a3ee2cbf3f75230a5c0"

es5-shim@~4.1.10:
  version "4.1.16"
  resolved "http://registry.npm.taobao.org/es5-shim/download/es5-shim-4.1.16.tgz#002f5bfd470997952fb317bfec4c87c81ad07284"

fbjs@^0.8.4:
  version "0.8.9"
  resolved "http://registry.npm.taobao.org/fbjs/download/fbjs-0.8.9.tgz#180247fbd347dcc9004517b904f865400a0c8f14"
  dependencies:
    core-js "^1.0.0"
    isomorphic-fetch "^2.1.1"
    loose-envify "^1.0.0"
    object-assign "^4.1.0"
    promise "^7.1.1"
    setimmediate "^1.0.5"
    ua-parser-js "^0.7.9"

foreach@^2.0.5:
  version "2.0.5"
  resolved "http://registry.npm.taobao.org/foreach/download/foreach-2.0.5.tgz#0bee005018aeb260d0a3af3ae658dd0136ec1b99"

function-bind@^1.0.2, function-bind@^1.1.0:
  version "1.1.0"
  resolved "http://registry.npm.taobao.org/function-bind/download/function-bind-1.1.0.tgz#16176714c801798e4e8f2cf7f7529467bb4a5771"

function.prototype.name@^1.0.0:
  version "1.0.0"
  resolved "http://registry.npm.taobao.org/function.prototype.name/download/function.prototype.name-1.0.0.tgz#5f523ca64e491a5f95aba80cc1e391080a14482e"
  dependencies:
    define-properties "^1.1.2"
    function-bind "^1.1.0"
    is-callable "^1.1.2"

hammerjs@^2.0.8:
  version "2.0.8"
  resolved "http://registry.npm.taobao.org/hammerjs/download/hammerjs-2.0.8.tgz#04ef77862cff2bb79d30f7692095930222bf60f1"

has@^1.0.1:
  version "1.0.1"
  resolved "http://registry.npm.taobao.org/has/download/has-1.0.1.tgz#8461733f538b0837c9361e39a9ab9e9704dc2f28"
  dependencies:
    function-bind "^1.0.2"

htmlparser2@^3.9.1:
  version "3.9.2"
  resolved "http://registry.npm.taobao.org/htmlparser2/download/htmlparser2-3.9.2.tgz#1bdf87acca0f3f9e53fa4fcceb0f4b4cbb00b338"
  dependencies:
    domelementtype "^1.3.0"
    domhandler "^2.3.0"
    domutils "^1.5.1"
    entities "^1.1.1"
    inherits "^2.0.1"
    readable-stream "^2.0.2"

iconv-lite@~0.4.13:
  version "0.4.15"
  resolved "http://registry.npm.taobao.org/iconv-lite/download/iconv-lite-0.4.15.tgz#fe265a218ac6a57cfe854927e9d04c19825eddeb"

inherits@^2.0.1, inherits@~2.0.1:
  version "2.0.3"
  resolved "http://registry.npm.taobao.org/inherits/download/inherits-2.0.3.tgz#633c2c83e3da42a502f52466022480f4208261de"

is-callable@^1.1.1, is-callable@^1.1.2, is-callable@^1.1.3:
  version "1.1.3"
  resolved "http://registry.npm.taobao.org/is-callable/download/is-callable-1.1.3.tgz#86eb75392805ddc33af71c92a0eedf74ee7604b2"

is-date-object@^1.0.1:
  version "1.0.1"
  resolved "http://registry.npm.taobao.org/is-date-object/download/is-date-object-1.0.1.tgz#9aa20eb6aeebbff77fbd33e74ca01b33581d3a16"

is-regex@^1.0.3:
  version "1.0.4"
  resolved "http://registry.npm.taobao.org/is-regex/download/is-regex-1.0.4.tgz#5517489b547091b0930e095654ced25ee97e9491"
  dependencies:
    has "^1.0.1"

is-stream@^1.0.1:
  version "1.1.0"
  resolved "http://registry.npm.taobao.org/is-stream/download/is-stream-1.1.0.tgz#12d4a3dd4e68e0b79ceb8dbc84173ae80d91ca44"

is-subset@^0.1.1:
  version "0.1.1"
  resolved "http://registry.npm.taobao.org/is-subset/download/is-subset-0.1.1.tgz#8a59117d932de1de00f245fcdd39ce43f1e939a6"

is-symbol@^1.0.1:
  version "1.0.1"
  resolved "http://registry.npm.taobao.org/is-symbol/download/is-symbol-1.0.1.tgz#3cc59f00025194b6ab2e38dbae6689256b660572"

isarray@~1.0.0:
  version "1.0.0"
  resolved "http://registry.npm.taobao.org/isarray/download/isarray-1.0.0.tgz#bb935d48582cba168c06834957a54a3e07124f11"

isomorphic-fetch@^2.1.1:
  version "2.2.1"
  resolved "http://registry.npm.taobao.org/isomorphic-fetch/download/isomorphic-fetch-2.2.1.tgz#611ae1acf14f5e81f729507472819fe9733558a9"
  dependencies:
    node-fetch "^1.0.1"
    whatwg-fetch ">=0.10.0"

js-tokens@^3.0.0:
  version "3.0.1"
  resolved "http://registry.npm.taobao.org/js-tokens/download/js-tokens-3.0.1.tgz#08e9f132484a2c45a30907e9dc4d5567b7f114d7"

lodash._getnative@^3.0.0:
  version "3.9.1"
  resolved "http://registry.npm.taobao.org/lodash._getnative/download/lodash._getnative-3.9.1.tgz#570bc7dede46d61cdcde687d65d3eecbaa3aaff5"

lodash.assignin@^4.0.9:
  version "4.2.0"
  resolved "http://registry.npm.taobao.org/lodash.assignin/download/lodash.assignin-4.2.0.tgz#ba8df5fb841eb0a3e8044232b0e263a8dc6a28a2"

lodash.bind@^4.1.4:
  version "4.2.1"
  resolved "http://registry.npm.taobao.org/lodash.bind/download/lodash.bind-4.2.1.tgz#7ae3017e939622ac31b7d7d7dcb1b34db1690d35"

lodash.defaults@^4.0.1:
  version "4.2.0"
  resolved "http://registry.npm.taobao.org/lodash.defaults/download/lodash.defaults-4.2.0.tgz#d09178716ffea4dde9e5fb7b37f6f0802274580c"

lodash.filter@^4.4.0:
  version "4.6.0"
  resolved "http://registry.npm.taobao.org/lodash.filter/download/lodash.filter-4.6.0.tgz#668b1d4981603ae1cc5a6fa760143e480b4c4ace"

lodash.flatten@^4.2.0:
  version "4.4.0"
  resolved "http://registry.npm.taobao.org/lodash.flatten/download/lodash.flatten-4.4.0.tgz#f31c22225a9632d2bbf8e4addbef240aa765a61f"

lodash.foreach@^4.3.0:
  version "4.5.0"
  resolved "http://registry.npm.taobao.org/lodash.foreach/download/lodash.foreach-4.5.0.tgz#1a6a35eace401280c7f06dddec35165ab27e3e53"

lodash.isarguments@^3.0.0:
  version "3.1.0"
  resolved "http://registry.npm.taobao.org/lodash.isarguments/download/lodash.isarguments-3.1.0.tgz#2f573d85c6a24289ff00663b491c1d338ff3458a"

lodash.isarray@^3.0.0:
  version "3.0.4"
  resolved "http://registry.npm.taobao.org/lodash.isarray/download/lodash.isarray-3.0.4.tgz#79e4eb88c36a8122af86f844aa9bcd851b5fbb55"

lodash.keys@^3.1.2:
  version "3.1.2"
  resolved "http://registry.npm.taobao.org/lodash.keys/download/lodash.keys-3.1.2.tgz#4dbc0472b156be50a0b286855d1bd0b0c656098a"
  dependencies:
    lodash._getnative "^3.0.0"
    lodash.isarguments "^3.0.0"
    lodash.isarray "^3.0.0"

lodash.map@^4.4.0:
  version "4.6.0"
  resolved "http://registry.npm.taobao.org/lodash.map/download/lodash.map-4.6.0.tgz#771ec7839e3473d9c4cde28b19394c3562f4f6d3"

lodash.merge@^4.4.0:
  version "4.6.0"
  resolved "http://registry.npm.taobao.org/lodash.merge/download/lodash.merge-4.6.0.tgz#69884ba144ac33fe699737a6086deffadd0f89c5"

lodash.pick@^4.2.1:
  version "4.4.0"
  resolved "http://registry.npm.taobao.org/lodash.pick/download/lodash.pick-4.4.0.tgz#52f05610fff9ded422611441ed1fc123a03001b3"

lodash.reduce@^4.4.0:
  version "4.6.0"
  resolved "http://registry.npm.taobao.org/lodash.reduce/download/lodash.reduce-4.6.0.tgz#f1ab6b839299ad48f784abbf476596f03b914d3b"

lodash.reject@^4.4.0:
  version "4.6.0"
  resolved "http://registry.npm.taobao.org/lodash.reject/download/lodash.reject-4.6.0.tgz#80d6492dc1470864bbf583533b651f42a9f52415"

lodash.some@^4.4.0:
  version "4.6.0"
  resolved "http://registry.npm.taobao.org/lodash.some/download/lodash.some-4.6.0.tgz#1bb9f314ef6b8baded13b549169b2a945eb68e4d"

lodash@^4.17.2:
  version "4.17.4"
  resolved "http://registry.npm.taobao.org/lodash/download/lodash-4.17.4.tgz#78203a4d1c328ae1d86dca6460e369b57f4055ae"

loose-envify@^1.0.0, loose-envify@^1.1.0:
  version "1.3.1"
  resolved "http://registry.npm.taobao.org/loose-envify/download/loose-envify-1.3.1.tgz#d1a8ad33fa9ce0e713d65fdd0ac8b748d478c848"
  dependencies:
    js-tokens "^3.0.0"

node-fetch@^1.0.1:
  version "1.6.3"
  resolved "http://registry.npm.taobao.org/node-fetch/download/node-fetch-1.6.3.tgz#dc234edd6489982d58e8f0db4f695029abcd8c04"
  dependencies:
    encoding "^0.1.11"
    is-stream "^1.0.1"

nth-check@~1.0.1:
  version "1.0.1"
  resolved "http://registry.npm.taobao.org/nth-check/download/nth-check-1.0.1.tgz#9929acdf628fc2c41098deab82ac580cf149aae4"
  dependencies:
    boolbase "~1.0.0"

object-assign@4.x, object-assign@^4.1.0, object-assign@latest:
  version "4.1.1"
  resolved "http://registry.npm.taobao.org/object-assign/download/object-assign-4.1.1.tgz#2109adc7965887cfc05cbbd442cac8bfbb360863"

object-is@^1.0.1:
  version "1.0.1"
  resolved "http://registry.npm.taobao.org/object-is/download/object-is-1.0.1.tgz#0aa60ec9989a0b3ed795cf4d06f62cf1ad6539b6"

object-keys@^1.0.10, object-keys@^1.0.8:
  version "1.0.11"
  resolved "http://registry.npm.taobao.org/object-keys/download/object-keys-1.0.11.tgz#c54601778ad560f1142ce0e01bcca8b56d13426d"

object-path@^0.11.3:
  version "0.11.4"
  resolved "http://registry.npm.taobao.org/object-path/download/object-path-0.11.4.tgz#370ae752fbf37de3ea70a861c23bba8915691949"

object.assign@^4.0.4:
  version "4.0.4"
  resolved "http://registry.npm.taobao.org/object.assign/download/object.assign-4.0.4.tgz#b1c9cc044ef1b9fe63606fc141abbb32e14730cc"
  dependencies:
    define-properties "^1.1.2"
    function-bind "^1.1.0"
    object-keys "^1.0.10"

object.entries@^1.0.3:
  version "1.0.4"
  resolved "http://registry.npm.taobao.org/object.entries/download/object.entries-1.0.4.tgz#1bf9a4dd2288f5b33f3a993d257661f05d161a5f"
  dependencies:
    define-properties "^1.1.2"
    es-abstract "^1.6.1"
    function-bind "^1.1.0"
    has "^1.0.1"

object.values@^1.0.3:
  version "1.0.4"
  resolved "http://registry.npm.taobao.org/object.values/download/object.values-1.0.4.tgz#e524da09b4f66ff05df457546ec72ac99f13069a"
  dependencies:
    define-properties "^1.1.2"
    es-abstract "^1.6.1"
    function-bind "^1.1.0"
    has "^1.0.1"

process-nextick-args@~1.0.6:
  version "1.0.7"
  resolved "http://registry.npm.taobao.org/process-nextick-args/download/process-nextick-args-1.0.7.tgz#150e20b756590ad3f91093f25a4f2ad8bff30ba3"

promise@^7.1.1:
  version "7.1.1"
  resolved "http://registry.npm.taobao.org/promise/download/promise-7.1.1.tgz#489654c692616b8aa55b0724fa809bb7db49c5bf"
  dependencies:
    asap "~2.0.3"

rc-tabs@^7.3.0:
  version "7.3.0"
  resolved "http://registry.npm.taobao.org/rc-tabs/download/rc-tabs-7.3.0.tgz#650674a50ba992e70a557ca87b3705790e9f0a29"
  dependencies:
    babel-runtime "6.x"
    classnames "2.x"
    react-hammerjs "~0.5.0"

react-addons-test-utils@15.3.2:
  version "15.3.2"
  resolved "http://registry.npm.taobao.org/react-addons-test-utils/download/react-addons-test-utils-15.3.2.tgz#c09a44f583425a4a9c1b38444d7a6c3e6f0f41f6"

react-dom@15.3.2:
  version "15.3.2"
  resolved "http://registry.npm.taobao.org/react-dom/download/react-dom-15.3.2.tgz#c46b0aa5380d7b838e7a59c4a7beff2ed315531f"

react-hammerjs@~0.5.0:
  version "0.5.0"
  resolved "http://registry.npm.taobao.org/react-hammerjs/download/react-hammerjs-0.5.0.tgz#aa20e5c5f44d660f3e8e87ed11282f12173e77ae"
  dependencies:
    hammerjs "^2.0.8"

react@15.3.2:
  version "15.3.2"
  resolved "http://registry.npm.taobao.org/react/download/react-15.3.2.tgz#a7bccd2fee8af126b0317e222c28d1d54528d09e"
  dependencies:
    fbjs "^0.8.4"
    loose-envify "^1.1.0"
    object-assign "^4.1.0"

readable-stream@^2.0.2:
  version "2.2.3"
  resolved "http://registry.npm.taobao.org/readable-stream/download/readable-stream-2.2.3.tgz#9cf49463985df016c8ae8813097a9293a9b33729"
  dependencies:
    buffer-shims "^1.0.0"
    core-util-is "~1.0.0"
    inherits "~2.0.1"
    isarray "~1.0.0"
    process-nextick-args "~1.0.6"
    string_decoder "~0.10.x"
    util-deprecate "~1.0.1"

regenerator-runtime@^0.10.0:
  version "0.10.3"
  resolved "http://registry.npm.taobao.org/regenerator-runtime/download/regenerator-runtime-0.10.3.tgz#8c4367a904b51ea62a908ac310bf99ff90a82a3e"

setimmediate@^1.0.5:
  version "1.0.5"
  resolved "http://registry.npm.taobao.org/setimmediate/download/setimmediate-1.0.5.tgz#290cbb232e306942d7d7ea9b83732ab7856f8285"

shallowequal@^0.2.2:
  version "0.2.2"
  resolved "http://registry.npm.taobao.org/shallowequal/download/shallowequal-0.2.2.tgz#1e32fd5bcab6ad688a4812cb0cc04efc75c7014e"
  dependencies:
    lodash.keys "^3.1.2"

string_decoder@~0.10.x:
  version "0.10.31"
  resolved "http://registry.npm.taobao.org/string_decoder/download/string_decoder-0.10.31.tgz#62e203bc41766c6c28c9fc84301dab1c5310fa94"

tinper-bee-core@0.0.14:
  version "0.0.14"
  resolved "http://registry.npm.taobao.org/tinper-bee-core/download/tinper-bee-core-0.0.14.tgz#93dfa269d2cce917c28a7eea6d3eb78d8c9597ae"
  dependencies:
    add-dom-event-listener "^1.0.1"
    component-classes "^1.2.6"
    dom-align "^1.5.2"
    warning "^3.0.0"

tinper-bee-core@0.0.17:
  version "0.0.17"
  resolved "http://registry.npm.taobao.org/tinper-bee-core/download/tinper-bee-core-0.0.17.tgz#dd6970a2c61f9fb7493fde970465aba47d254f3d"
  dependencies:
    add-dom-event-listener "^1.0.1"
    component-classes "^1.2.6"
    dom-align "^1.5.2"
    warning "^3.0.0"

tinper-bee-core@0.0.22:
  version "0.0.22"
  resolved "http://registry.npm.taobao.org/tinper-bee-core/download/tinper-bee-core-0.0.22.tgz#1e5ecdd012f3620b090e40540b65fc4f72c4df67"
  dependencies:
    add-dom-event-listener "^1.0.1"
    component-classes "^1.2.6"
    dom-align "^1.5.2"
    warning "^3.0.0"

tinper-bee-core@0.0.8:
  version "0.0.8"
  resolved "http://registry.npm.taobao.org/tinper-bee-core/download/tinper-bee-core-0.0.8.tgz#e5a208db4b2d99325f67596f6bb8dd9bbd371661"
  dependencies:
    warning "^3.0.0"

tinper-bee-core@^0.1.0, tinper-bee-core@^0.1.3, tinper-bee-core@^0.1.6, tinper-bee-core@^0.1.7, tinper-bee-core@^0.1.8:
  version "0.1.9"
  resolved "http://registry.npm.taobao.org/tinper-bee-core/download/tinper-bee-core-0.1.9.tgz#351caab377666b22b1809ea750902783ae7bf2e1"
  dependencies:
    add-dom-event-listener "^1.0.1"
    component-classes "^1.2.6"
    dom-align "^1.5.2"
    warning "^3.0.0"

tinper-bee-core@^0.2.1, tinper-bee-core@^0.2.3, tinper-bee-core@latest:
  version "0.2.3"
  resolved "http://registry.npm.taobao.org/tinper-bee-core/download/tinper-bee-core-0.2.3.tgz#10fb8ef4564ef77927c1bbebbc87ef845e62361d"
  dependencies:
    add-dom-event-listener "^1.0.1"
    component-classes "^1.2.6"
    dom-align "^1.5.2"
    warning "^3.0.0"

tinper-bee@^0.3.12:
  version "0.3.12"
  resolved "http://registry.npm.taobao.org/tinper-bee/download/tinper-bee-0.3.12.tgz#9c4e6f05705a4fa5c269979aa2dd4ec24515eedf"
  dependencies:
    bee-alert latest
    bee-animate latest
    bee-badge latest
    bee-breadcrumb "^0.1.2"
    bee-button latest
    bee-button-group latest
    bee-cascader latest
    bee-checkbox "^0.1.6"
    bee-control-label latest
    bee-dropdown latest
    bee-form "^0.1.1"
    bee-form-control latest
    bee-form-group latest
    bee-icon latest
    bee-input-group latest
    bee-input-number "0.0.6"
    bee-label latest
    bee-layout latest
    bee-loading "^0.2.2"
    bee-loading-state latest
    bee-menu latest
    bee-message latest
    bee-modal "^0.2.4"
    bee-navbar latest
    bee-notification latest
    bee-pagination latest
    bee-panel "^0.2.4"
    bee-popconfirm "^0.2.5"
    bee-popover "0.0.4"
    bee-progress-bar "^0.1.7"
    bee-radio latest
    bee-select latest
    bee-switch "^0.1.4"
    bee-table "^0.2.0"
    bee-tabs "^0.2.2"
    bee-tile latest
    bee-tooltip latest
    bee-transition latest
    bee-tree "^0.1.1"
    bee-upload "^0.1.4"
    tinper-bee-core "^0.2.3"

type-detect@0.1.1:
  version "0.1.1"
  resolved "http://registry.npm.taobao.org/type-detect/download/type-detect-0.1.1.tgz#0ba5ec2a885640e470ea4e8505971900dac58822"

type-detect@^1.0.0:
  version "1.0.0"
  resolved "http://registry.npm.taobao.org/type-detect/download/type-detect-1.0.0.tgz#762217cc06db258ec48908a1298e8b95121e8ea2"

ua-parser-js@^0.7.9:
  version "0.7.12"
  resolved "http://registry.npm.taobao.org/ua-parser-js/download/ua-parser-js-0.7.12.tgz#04c81a99bdd5dc52263ea29d24c6bf8d4818a4bb"

util-deprecate@~1.0.1:
  version "1.0.2"
  resolved "http://registry.npm.taobao.org/util-deprecate/download/util-deprecate-1.0.2.tgz#450d4dc9fa70de732762fbd2d4a28981419a0ccf"

uuid@^2.0.3:
  version "2.0.3"
  resolved "http://registry.npm.taobao.org/uuid/download/uuid-2.0.3.tgz#67e2e863797215530dff318e5bf9dcebfd47b21a"

warning@2.x:
  version "2.1.0"
  resolved "http://registry.npm.taobao.org/warning/download/warning-2.1.0.tgz#21220d9c63afc77a8c92111e011af705ce0c6901"
  dependencies:
    loose-envify "^1.0.0"

warning@^3.0.0:
  version "3.0.0"
  resolved "http://registry.npm.taobao.org/warning/download/warning-3.0.0.tgz#32e5377cb572de4ab04753bdf8821c01ed605b7c"
  dependencies:
    loose-envify "^1.0.0"

whatwg-fetch@>=0.10.0:
  version "2.0.3"
  resolved "http://registry.npm.taobao.org/whatwg-fetch/download/whatwg-fetch-2.0.3.tgz#9c84ec2dcf68187ff00bc64e1274b442176e1c84"
